
Microsoft Visual Studio Solution File, Format Version 12.00
# Visual Studio Version 17
VisualStudioVersion = 17.5.002.0
MinimumVisualStudioVersion = 10.0.40219.1
Project("{9A19103F-16F7-4668-BE54-9A1E7A4F7556}") = "Back-end", "Back-end\Back-end.csproj", "{79DEC134-CFC5-4C04-BE03-C2011AC93F78}"
EndProject
Global
	GlobalSection(SolutionConfigurationPlatforms) = preSolution
		Debug|Any CPU = Debug|Any CPU
		Release|Any CPU = Release|Any CPU
	EndGlobalSection
	GlobalSection(ProjectConfigurationPlatforms) = postSolution
		{79DEC134-CFC5-4C04-BE03-C2011AC93F78}.Debug|Any CPU.ActiveCfg = Debug|Any CPU
		{79DEC134-CFC5-4C04-BE03-C2011AC93F78}.Debug|Any CPU.Build.0 = Debug|Any CPU
		{79DEC134-CFC5-4C04-BE03-C2011AC93F78}.Release|Any CPU.ActiveCfg = Release|Any CPU
		{79DEC134-CFC5-4C04-BE03-C2011AC93F78}.Release|Any CPU.Build.0 = Release|Any CPU
	EndGlobalSection
	GlobalSection(SolutionProperties) = preSolution
		HideSolutionNode = FALSE
	EndGlobalSection
	GlobalSection(ExtensibilityGlobals) = postSolution
		SolutionGuid = {FAA4BFB8-2704-4026-BA34-A97B81A1F609}
	EndGlobalSection
EndGlobal


import { useNavigate } from "react-router-dom";

const Hero = () => {
  const navigate = useNavigate(); // Usado para redirecionar o usuário

  // Função para realizar o logout
  const handleLogout = () => {
    // Remover o token do localStorage
    localStorage.removeItem("authToken");

    // Redirecionar o usuário para a página de login
    navigate("/login");
  };

  return (
    <header>
      <h1>Admin Welcome to Our Website!</h1>
      <p>Explore our services and packages.</p>
      {/* Botão de Logout */}
      <button onClick={handleLogout} className="logout-button">
        Logout
      </button>
    </header>
  );
};

export default Hero;


id |    name     |     cpf     |  cau   |           email            |  userType  |                           password   

id, name, cpf, cau, email, userType, password, dataNascimento, cep, numero, endereco, bairro, municipio, estado, complemento, photoPath.

trocar o button de acessar conta para minha conta quando logado.
ajustar para guardar os dados cadastrais no banco de dados