inicio backend

npm install @nestjs/common @nestjs/core @nestjs/typeorm @nestjs/jwt @nestjs/passport passport-jwt class-validator bcryptjs typeorm rxjs express @types/node

npm install --save-dev @types/node

npm run start:dev

instalar o Docker
instalar o Docker Compose
docker exec -it postgres-db psql -U plutowtech -d plutowtechdb
CREATE DATABASE plutowtechdb;
-- Criar a tabela users
CREATE TABLE users (
    id SERIAL PRIMARY KEY,
    name VARCHAR(100),
    cpf VARCHAR(11),
    cau VARCHAR(20),
    email VARCHAR(100),
    userType VARCHAR(50),
    password VARCHAR(100),
    dataNascimento DATE,
    cep VARCHAR(8),
    numero INTEGER,
    endereco VARCHAR(255),
    bairro VARCHAR(100),
    municipio VARCHAR(100),
    estado VARCHAR(2),
    complemento VARCHAR(100),
    photoPath VARCHAR(255)
);

-- Criar a tabela points
CREATE TABLE points (
    id SERIAL PRIMARY KEY,
    user_id INTEGER REFERENCES users(id),
    points INTEGER,
    date_added TIMESTAMP DEFAULT CURRENT_TIMESTAMP,
    expiry_date TIMESTAMP
);
/q
/q // Para sair do banco de dados

npm run start:dev  // para iniciar o banco de dados

----------------------------------------------------------------------
INICIAR O FRONT END 

npm install







Microsoft Visual Studio Solution File, Format Version 12.00
# Visual Studio Version 17
VisualStudioVersion = 17.5.002.0
MinimumVisualStudioVersion = 10.0.40219.1
Project("{9A19103F-16F7-4668-BE54-9A1E7A4F7556}") = "Back-end", "Back-end\Back-end.csproj", "{79DEC134-CFC5-4C04-BE03-C2011AC93F78}"
EndProject
Global
	GlobalSection(SolutionConfigurationPlatforms) = preSolution
		Debug|Any CPU = Debug|Any CPU
		Release|Any CPU = Release|Any CPU
	EndGlobalSection
	GlobalSection(ProjectConfigurationPlatforms) = postSolution
		{79DEC134-CFC5-4C04-BE03-C2011AC93F78}.Debug|Any CPU.ActiveCfg = Debug|Any CPU
		{79DEC134-CFC5-4C04-BE03-C2011AC93F78}.Debug|Any CPU.Build.0 = Debug|Any CPU
		{79DEC134-CFC5-4C04-BE03-C2011AC93F78}.Release|Any CPU.ActiveCfg = Release|Any CPU
		{79DEC134-CFC5-4C04-BE03-C2011AC93F78}.Release|Any CPU.Build.0 = Release|Any CPU
	EndGlobalSection
	GlobalSection(SolutionProperties) = preSolution
		HideSolutionNode = FALSE
	EndGlobalSection
	GlobalSection(ExtensibilityGlobals) = postSolution
		SolutionGuid = {FAA4BFB8-2704-4026-BA34-A97B81A1F609}
	EndGlobalSection
EndGlobal


psql -h localhost -U plutowtech -d plutowtechdb
senha: docker


id |    name     |     cpf     |  cau   |           email            |  userType  |                           password   

id, name, cpf, cau, email, userType, password, dataNascimento, cep, numero, endereco, bairro, municipio, estado, complemento, photoPath.

adicionar campo no banco de dados pointsnow (pontos que ele tem agora) e allpoints (pontos que ele teve no total)

 id | user_id | points |       date_added        | expiry_date 
----+---------+--------+-------------------------+-------------
  2 |      37 |      3 | 2024-12-02 13:39:47.437 | 
(1 row)

Minhasenha123


implementar o carrinho de compras

